
Microsoft Visual Studio Solution File, Format Version 12.00
# Visual Studio 2013
VisualStudioVersion = 12.0.31101.0
MinimumVisualStudioVersion = 10.0.40219.1
Project("{FAE04EC0-301F-11D3-BF4B-00C04F79EFBC}") = "RHAA", "RHAA\RHAA.csproj", "{D5D5A1F7-61BF-403A-B5B8-966A2455BBB9}"
EndProject
Project("{FAE04EC0-301F-11D3-BF4B-00C04F79EFBC}") = "RHAA.Tests", "RHAA.Tests\RHAA.Tests.csproj", "{325336F2-77D7-4660-AB00-1322A6723D36}"
EndProject
Project("{2150E333-8FDC-42A3-9474-1A3956D46DE8}") = "PublishScripts", "PublishScripts", "{188A18D8-A5E6-413A-AAB2-CC7C80FCD34D}"
	ProjectSection(SolutionItems) = preProject
		PublishScripts\AzureWebsitePublishModule.psm1 = PublishScripts\AzureWebsitePublishModule.psm1
		PublishScripts\Publish-WebApplicationWebsite.ps1 = PublishScripts\Publish-WebApplicationWebsite.ps1
	EndProjectSection
EndProject
Project("{2150E333-8FDC-42A3-9474-1A3956D46DE8}") = "Configurations", "Configurations", "{EE3E1079-83ED-420B-AC63-CD3992990258}"
	ProjectSection(SolutionItems) = preProject
		PublishScripts\Configurations\RHAA-WAWS-dev.json = PublishScripts\Configurations\RHAA-WAWS-dev.json
	EndProjectSection
EndProject
Global
	GlobalSection(SolutionConfigurationPlatforms) = preSolution
		Debug|Any CPU = Debug|Any CPU
		Release|Any CPU = Release|Any CPU
	EndGlobalSection
	GlobalSection(ProjectConfigurationPlatforms) = postSolution
		{D5D5A1F7-61BF-403A-B5B8-966A2455BBB9}.Debug|Any CPU.ActiveCfg = Debug|Any CPU
		{D5D5A1F7-61BF-403A-B5B8-966A2455BBB9}.Debug|Any CPU.Build.0 = Debug|Any CPU
		{D5D5A1F7-61BF-403A-B5B8-966A2455BBB9}.Release|Any CPU.ActiveCfg = Release|Any CPU
		{D5D5A1F7-61BF-403A-B5B8-966A2455BBB9}.Release|Any CPU.Build.0 = Release|Any CPU
		{325336F2-77D7-4660-AB00-1322A6723D36}.Debug|Any CPU.ActiveCfg = Debug|Any CPU
		{325336F2-77D7-4660-AB00-1322A6723D36}.Debug|Any CPU.Build.0 = Debug|Any CPU
		{325336F2-77D7-4660-AB00-1322A6723D36}.Release|Any CPU.ActiveCfg = Release|Any CPU
		{325336F2-77D7-4660-AB00-1322A6723D36}.Release|Any CPU.Build.0 = Release|Any CPU
	EndGlobalSection
	GlobalSection(SolutionProperties) = preSolution
		HideSolutionNode = FALSE
	EndGlobalSection
	GlobalSection(NestedProjects) = preSolution
		{EE3E1079-83ED-420B-AC63-CD3992990258} = {188A18D8-A5E6-413A-AAB2-CC7C80FCD34D}
	EndGlobalSection
EndGlobal
